
Microsoft Visual Studio Solution File, Format Version 12.00
# Visual Studio Version 17
VisualStudioVersion = 17.2.32630.192
MinimumVisualStudioVersion = 10.0.40219.1
Project("{FAE04EC0-301F-11D3-BF4B-00C04F79EFBC}") = "Clean.Api", "Clean.Api\Clean.Api.csproj", "{D295BFC5-B45D-4564-8CE9-1AF733DD5D98}"
EndProject
Project("{FAE04EC0-301F-11D3-BF4B-00C04F79EFBC}") = "Clean.Domain", "Clean.Domain\Clean.Domain.csproj", "{86D6E40D-835A-4A34-9498-573F18C35B9E}"
EndProject
Global
	GlobalSection(SolutionConfigurationPlatforms) = preSolution
		Debug|Any CPU = Debug|Any CPU
		Release|Any CPU = Release|Any CPU
	EndGlobalSection
	GlobalSection(ProjectConfigurationPlatforms) = postSolution
		{D295BFC5-B45D-4564-8CE9-1AF733DD5D98}.Debug|Any CPU.ActiveCfg = Debug|Any CPU
		{D295BFC5-B45D-4564-8CE9-1AF733DD5D98}.Debug|Any CPU.Build.0 = Debug|Any CPU
		{D295BFC5-B45D-4564-8CE9-1AF733DD5D98}.Release|Any CPU.ActiveCfg = Release|Any CPU
		{D295BFC5-B45D-4564-8CE9-1AF733DD5D98}.Release|Any CPU.Build.0 = Release|Any CPU
		{86D6E40D-835A-4A34-9498-573F18C35B9E}.Debug|Any CPU.ActiveCfg = Debug|Any CPU
		{86D6E40D-835A-4A34-9498-573F18C35B9E}.Debug|Any CPU.Build.0 = Debug|Any CPU
		{86D6E40D-835A-4A34-9498-573F18C35B9E}.Release|Any CPU.ActiveCfg = Release|Any CPU
		{86D6E40D-835A-4A34-9498-573F18C35B9E}.Release|Any CPU.Build.0 = Release|Any CPU
	EndGlobalSection
	GlobalSection(SolutionProperties) = preSolution
		HideSolutionNode = FALSE
	EndGlobalSection
	GlobalSection(ExtensibilityGlobals) = postSolution
		SolutionGuid = {8EC0C861-9694-464F-A2D6-7A3BC2143A6A}
	EndGlobalSection
EndGlobal
